
Microsoft Visual Studio Solution File, Format Version 12.00
# Visual Studio 15
VisualStudioVersion = 15.0.28307.438
MinimumVisualStudioVersion = 10.0.40219.1
Project("{8BC9CEB8-8B4A-11D0-8D11-00A0C91BC942}") = "p_raytracing2", "p_raytracing2\p_raytracing2.vcxproj", "{A50430ED-93DF-4477-A0C4-3CF43AD3D2A5}"
EndProject
Global
	GlobalSection(SolutionConfigurationPlatforms) = preSolution
		Debug|x64 = Debug|x64
		Debug|x86 = Debug|x86
		Release|x64 = Release|x64
		Release|x86 = Release|x86
	EndGlobalSection
	GlobalSection(ProjectConfigurationPlatforms) = postSolution
		{A50430ED-93DF-4477-A0C4-3CF43AD3D2A5}.Debug|x64.ActiveCfg = Debug|x64
		{A50430ED-93DF-4477-A0C4-3CF43AD3D2A5}.Debug|x64.Build.0 = Debug|x64
		{A50430ED-93DF-4477-A0C4-3CF43AD3D2A5}.Debug|x86.ActiveCfg = Debug|Win32
		{A50430ED-93DF-4477-A0C4-3CF43AD3D2A5}.Debug|x86.Build.0 = Debug|Win32
		{A50430ED-93DF-4477-A0C4-3CF43AD3D2A5}.Release|x64.ActiveCfg = Release|x64
		{A50430ED-93DF-4477-A0C4-3CF43AD3D2A5}.Release|x64.Build.0 = Release|x64
		{A50430ED-93DF-4477-A0C4-3CF43AD3D2A5}.Release|x86.ActiveCfg = Release|Win32
		{A50430ED-93DF-4477-A0C4-3CF43AD3D2A5}.Release|x86.Build.0 = Release|Win32
	EndGlobalSection
	GlobalSection(SolutionProperties) = preSolution
		HideSolutionNode = FALSE
	EndGlobalSection
	GlobalSection(ExtensibilityGlobals) = postSolution
		SolutionGuid = {902AA3B4-5A1E-414E-9427-D7DA5021D5C3}
	EndGlobalSection
EndGlobal
